// !$*UTF8*$!
{
	archiveVersion = 1;
	classes = {
	};
	objectVersion = 51;
	objects = {

/* Begin PBXBuildFile section */
		01991D11D8CF090E1507F961 /* Pods_LikeHereTests.framework in Frameworks */ = {isa = PBXBuildFile; fileRef = D8BB7986ABB0BC3CBC664D79 /* Pods_LikeHereTests.framework */; };
		02103E28FCB1A5C89B3AD4B7 /* Pods_LikeHere_LikeHereUITests.framework in Frameworks */ = {isa = PBXBuildFile; fileRef = EBD791A9FDB837B941AB2168 /* Pods_LikeHere_LikeHereUITests.framework */; };
		EFF1E1FB25AC2BC4ED52FDFC /* Pods_LikeHere.framework in Frameworks */ = {isa = PBXBuildFile; fileRef = FFE737C56B7766699E3C4409 /* Pods_LikeHere.framework */; };
		F24D067D267C127A0069DC58 /* SignInWithApp.swift in Sources */ = {isa = PBXBuildFile; fileRef = F24D067C267C127A0069DC58 /* SignInWithApp.swift */; };
		F24D0682267FFE260069DC58 /* AuthService.swift in Sources */ = {isa = PBXBuildFile; fileRef = F24D0681267FFE260069DC58 /* AuthService.swift */; };
		F24D06842680020C0069DC58 /* RegisterView.swift in Sources */ = {isa = PBXBuildFile; fileRef = F24D06832680020C0069DC58 /* RegisterView.swift */; };
		F24D06872682A03D0069DC58 /* Extensions.swift in Sources */ = {isa = PBXBuildFile; fileRef = F24D06862682A03D0069DC58 /* Extensions.swift */; };
		F24D06892682A06F0069DC58 /* Enum & Structs.swift in Sources */ = {isa = PBXBuildFile; fileRef = F24D06882682A06F0069DC58 /* Enum & Structs.swift */; };
		F24D068C2683EEF60069DC58 /* ImageManager.swift in Sources */ = {isa = PBXBuildFile; fileRef = F24D068B2683EEF60069DC58 /* ImageManager.swift */; };
		F260345A267AB6AB008C3E51 /* GoogleService-Info.plist in Resources */ = {isa = PBXBuildFile; fileRef = F2603459267AB6AB008C3E51 /* GoogleService-Info.plist */; };
		F2A9F22B268A875700D528F7 /* DataService.swift in Sources */ = {isa = PBXBuildFile; fileRef = F2A9F22A268A875700D528F7 /* DataService.swift */; };
		F2BF23EF267028E600FDF33A /* PostModel.swift in Sources */ = {isa = PBXBuildFile; fileRef = F2BF23EE267028E600FDF33A /* PostModel.swift */; };
		F2BF23F126702D8F00FDF33A /* PostArrayObject.swift in Sources */ = {isa = PBXBuildFile; fileRef = F2BF23F026702D8F00FDF33A /* PostArrayObject.swift */; };
		F2BF23F3267179FB00FDF33A /* CommentsView.swift in Sources */ = {isa = PBXBuildFile; fileRef = F2BF23F2267179FB00FDF33A /* CommentsView.swift */; };
		F2BF23F526717AAA00FDF33A /* CommentContentView.swift in Sources */ = {isa = PBXBuildFile; fileRef = F2BF23F426717AAA00FDF33A /* CommentContentView.swift */; };
		F2BF23F726717E2F00FDF33A /* CommentModel.swift in Sources */ = {isa = PBXBuildFile; fileRef = F2BF23F626717E2F00FDF33A /* CommentModel.swift */; };
		F2BF23F92672CC9300FDF33A /* DiscoverView.swift in Sources */ = {isa = PBXBuildFile; fileRef = F2BF23F82672CC9300FDF33A /* DiscoverView.swift */; };
		F2E4002E266CB7E500A206CC /* LikeHereApp.swift in Sources */ = {isa = PBXBuildFile; fileRef = F2E4002D266CB7E500A206CC /* LikeHereApp.swift */; };
		F2E40030266CB7E500A206CC /* ContentView.swift in Sources */ = {isa = PBXBuildFile; fileRef = F2E4002F266CB7E500A206CC /* ContentView.swift */; };
		F2E40032266CB7E700A206CC /* Assets.xcassets in Resources */ = {isa = PBXBuildFile; fileRef = F2E40031266CB7E700A206CC /* Assets.xcassets */; };
		F2E40035266CB7E700A206CC /* Preview Assets.xcassets in Resources */ = {isa = PBXBuildFile; fileRef = F2E40034266CB7E700A206CC /* Preview Assets.xcassets */; };
		F2E40040266CB7E700A206CC /* LikeHereTests.swift in Sources */ = {isa = PBXBuildFile; fileRef = F2E4003F266CB7E700A206CC /* LikeHereTests.swift */; };
		F2E4004B266CB7E700A206CC /* LikeHereUITests.swift in Sources */ = {isa = PBXBuildFile; fileRef = F2E4004A266CB7E700A206CC /* LikeHereUITests.swift */; };
		F2E40059266CC54A00A206CC /* Launch Screen.storyboard in Resources */ = {isa = PBXBuildFile; fileRef = F2E40058266CC54A00A206CC /* Launch Screen.storyboard */; };
		F2E4005D266D876E00A206CC /* SignUpView.swift in Sources */ = {isa = PBXBuildFile; fileRef = F2E4005C266D876E00A206CC /* SignUpView.swift */; };
		F2E4005F266ED64400A206CC /* HomeView.swift in Sources */ = {isa = PBXBuildFile; fileRef = F2E4005E266ED64400A206CC /* HomeView.swift */; };
		F2E40063266ED93A00A206CC /* PostView.swift in Sources */ = {isa = PBXBuildFile; fileRef = F2E40062266ED93A00A206CC /* PostView.swift */; };
		F2F45CE52674A99400604465 /* ImagePicker.swift in Sources */ = {isa = PBXBuildFile; fileRef = F2F45CE42674A99400604465 /* ImagePicker.swift */; };
		F2F45CE72674B53000604465 /* PostImageView.swift in Sources */ = {isa = PBXBuildFile; fileRef = F2F45CE62674B53000604465 /* PostImageView.swift */; };
		F2F45CE92675C4A200604465 /* ProfileView.swift in Sources */ = {isa = PBXBuildFile; fileRef = F2F45CE82675C4A200604465 /* ProfileView.swift */; };
		F2F45CEB2675CA6A00604465 /* ProfileHeaderView.swift in Sources */ = {isa = PBXBuildFile; fileRef = F2F45CEA2675CA6A00604465 /* ProfileHeaderView.swift */; };
		F2F45CED2675D6C900604465 /* SettingsView.swift in Sources */ = {isa = PBXBuildFile; fileRef = F2F45CEC2675D6C900604465 /* SettingsView.swift */; };
		F2F45CEF2675D7EB00604465 /* SettingLabelView.swift in Sources */ = {isa = PBXBuildFile; fileRef = F2F45CEE2675D7EB00604465 /* SettingLabelView.swift */; };
		F2F45CF12675DAF600604465 /* SettingEditTextView.swift in Sources */ = {isa = PBXBuildFile; fileRef = F2F45CF02675DAF600604465 /* SettingEditTextView.swift */; };
		F2F45CF32675E02700604465 /* SettingRollView.swift in Sources */ = {isa = PBXBuildFile; fileRef = F2F45CF22675E02700604465 /* SettingRollView.swift */; };
		F2F45CF52675E1CE00604465 /* SettingEditImageView.swift in Sources */ = {isa = PBXBuildFile; fileRef = F2F45CF42675E1CE00604465 /* SettingEditImageView.swift */; };
/* End PBXBuildFile section */

/* Begin PBXContainerItemProxy section */
		F2E4003C266CB7E700A206CC /* PBXContainerItemProxy */ = {
			isa = PBXContainerItemProxy;
			containerPortal = F2E40022266CB7E500A206CC /* Project object */;
			proxyType = 1;
			remoteGlobalIDString = F2E40029266CB7E500A206CC;
			remoteInfo = LikeHere;
		};
		F2E40047266CB7E700A206CC /* PBXContainerItemProxy */ = {
			isa = PBXContainerItemProxy;
			containerPortal = F2E40022266CB7E500A206CC /* Project object */;
			proxyType = 1;
			remoteGlobalIDString = F2E40029266CB7E500A206CC;
			remoteInfo = LikeHere;
		};
/* End PBXContainerItemProxy section */

/* Begin PBXFileReference section */
		0B2E0AEBF4D0093454123EED /* Pods-LikeHereTests.release.xcconfig */ = {isa = PBXFileReference; includeInIndex = 1; lastKnownFileType = text.xcconfig; name = "Pods-LikeHereTests.release.xcconfig"; path = "Pods/Target Support Files/Pods-LikeHereTests/Pods-LikeHereTests.release.xcconfig"; sourceTree = "<group>"; };
		B471AEC7C9F3EC680AE72595 /* Pods-LikeHereTests.debug.xcconfig */ = {isa = PBXFileReference; includeInIndex = 1; lastKnownFileType = text.xcconfig; name = "Pods-LikeHereTests.debug.xcconfig"; path = "Pods/Target Support Files/Pods-LikeHereTests/Pods-LikeHereTests.debug.xcconfig"; sourceTree = "<group>"; };
		D5F6D32F4A1FEC4B9FED6013 /* Pods-LikeHere.debug.xcconfig */ = {isa = PBXFileReference; includeInIndex = 1; lastKnownFileType = text.xcconfig; name = "Pods-LikeHere.debug.xcconfig"; path = "Pods/Target Support Files/Pods-LikeHere/Pods-LikeHere.debug.xcconfig"; sourceTree = "<group>"; };
		D8BB7986ABB0BC3CBC664D79 /* Pods_LikeHereTests.framework */ = {isa = PBXFileReference; explicitFileType = wrapper.framework; includeInIndex = 0; path = Pods_LikeHereTests.framework; sourceTree = BUILT_PRODUCTS_DIR; };
		DA683F2BEED9FDA6A3E50588 /* Pods-LikeHere-LikeHereUITests.debug.xcconfig */ = {isa = PBXFileReference; includeInIndex = 1; lastKnownFileType = text.xcconfig; name = "Pods-LikeHere-LikeHereUITests.debug.xcconfig"; path = "Pods/Target Support Files/Pods-LikeHere-LikeHereUITests/Pods-LikeHere-LikeHereUITests.debug.xcconfig"; sourceTree = "<group>"; };
		EAB8B0A8F62E89721F9BCD32 /* Pods-LikeHere-LikeHereUITests.release.xcconfig */ = {isa = PBXFileReference; includeInIndex = 1; lastKnownFileType = text.xcconfig; name = "Pods-LikeHere-LikeHereUITests.release.xcconfig"; path = "Pods/Target Support Files/Pods-LikeHere-LikeHereUITests/Pods-LikeHere-LikeHereUITests.release.xcconfig"; sourceTree = "<group>"; };
		EBD791A9FDB837B941AB2168 /* Pods_LikeHere_LikeHereUITests.framework */ = {isa = PBXFileReference; explicitFileType = wrapper.framework; includeInIndex = 0; path = Pods_LikeHere_LikeHereUITests.framework; sourceTree = BUILT_PRODUCTS_DIR; };
		F24D067C267C127A0069DC58 /* SignInWithApp.swift */ = {isa = PBXFileReference; lastKnownFileType = sourcecode.swift; path = SignInWithApp.swift; sourceTree = "<group>"; };
		F24D067E267FFAE40069DC58 /* LikeHere.entitlements */ = {isa = PBXFileReference; lastKnownFileType = text.plist.entitlements; path = LikeHere.entitlements; sourceTree = "<group>"; };
		F24D0681267FFE260069DC58 /* AuthService.swift */ = {isa = PBXFileReference; lastKnownFileType = sourcecode.swift; path = AuthService.swift; sourceTree = "<group>"; };
		F24D06832680020C0069DC58 /* RegisterView.swift */ = {isa = PBXFileReference; lastKnownFileType = sourcecode.swift; path = RegisterView.swift; sourceTree = "<group>"; };
		F24D06862682A03D0069DC58 /* Extensions.swift */ = {isa = PBXFileReference; lastKnownFileType = sourcecode.swift; path = Extensions.swift; sourceTree = "<group>"; };
		F24D06882682A06F0069DC58 /* Enum & Structs.swift */ = {isa = PBXFileReference; lastKnownFileType = sourcecode.swift; path = "Enum & Structs.swift"; sourceTree = "<group>"; };
		F24D068B2683EEF60069DC58 /* ImageManager.swift */ = {isa = PBXFileReference; lastKnownFileType = sourcecode.swift; path = ImageManager.swift; sourceTree = "<group>"; };
		F2603459267AB6AB008C3E51 /* GoogleService-Info.plist */ = {isa = PBXFileReference; fileEncoding = 4; lastKnownFileType = text.plist.xml; path = "GoogleService-Info.plist"; sourceTree = "<group>"; };
		F2A9F22A268A875700D528F7 /* DataService.swift */ = {isa = PBXFileReference; lastKnownFileType = sourcecode.swift; path = DataService.swift; sourceTree = "<group>"; };
		F2BF23EE267028E600FDF33A /* PostModel.swift */ = {isa = PBXFileReference; lastKnownFileType = sourcecode.swift; path = PostModel.swift; sourceTree = "<group>"; };
		F2BF23F026702D8F00FDF33A /* PostArrayObject.swift */ = {isa = PBXFileReference; lastKnownFileType = sourcecode.swift; path = PostArrayObject.swift; sourceTree = "<group>"; };
		F2BF23F2267179FB00FDF33A /* CommentsView.swift */ = {isa = PBXFileReference; lastKnownFileType = sourcecode.swift; path = CommentsView.swift; sourceTree = "<group>"; };
		F2BF23F426717AAA00FDF33A /* CommentContentView.swift */ = {isa = PBXFileReference; lastKnownFileType = sourcecode.swift; path = CommentContentView.swift; sourceTree = "<group>"; };
		F2BF23F626717E2F00FDF33A /* CommentModel.swift */ = {isa = PBXFileReference; lastKnownFileType = sourcecode.swift; path = CommentModel.swift; sourceTree = "<group>"; };
		F2BF23F82672CC9300FDF33A /* DiscoverView.swift */ = {isa = PBXFileReference; lastKnownFileType = sourcecode.swift; path = DiscoverView.swift; sourceTree = "<group>"; };
		F2E4002A266CB7E500A206CC /* LikeHere.app */ = {isa = PBXFileReference; explicitFileType = wrapper.application; includeInIndex = 0; path = LikeHere.app; sourceTree = BUILT_PRODUCTS_DIR; };
		F2E4002D266CB7E500A206CC /* LikeHereApp.swift */ = {isa = PBXFileReference; lastKnownFileType = sourcecode.swift; path = LikeHereApp.swift; sourceTree = "<group>"; };
		F2E4002F266CB7E500A206CC /* ContentView.swift */ = {isa = PBXFileReference; lastKnownFileType = sourcecode.swift; path = ContentView.swift; sourceTree = "<group>"; };
		F2E40031266CB7E700A206CC /* Assets.xcassets */ = {isa = PBXFileReference; lastKnownFileType = folder.assetcatalog; path = Assets.xcassets; sourceTree = "<group>"; };
		F2E40034266CB7E700A206CC /* Preview Assets.xcassets */ = {isa = PBXFileReference; lastKnownFileType = folder.assetcatalog; path = "Preview Assets.xcassets"; sourceTree = "<group>"; };
		F2E40036266CB7E700A206CC /* Info.plist */ = {isa = PBXFileReference; lastKnownFileType = text.plist.xml; path = Info.plist; sourceTree = "<group>"; };
		F2E4003B266CB7E700A206CC /* LikeHereTests.xctest */ = {isa = PBXFileReference; explicitFileType = wrapper.cfbundle; includeInIndex = 0; path = LikeHereTests.xctest; sourceTree = BUILT_PRODUCTS_DIR; };
		F2E4003F266CB7E700A206CC /* LikeHereTests.swift */ = {isa = PBXFileReference; lastKnownFileType = sourcecode.swift; path = LikeHereTests.swift; sourceTree = "<group>"; };
		F2E40041266CB7E700A206CC /* Info.plist */ = {isa = PBXFileReference; lastKnownFileType = text.plist.xml; path = Info.plist; sourceTree = "<group>"; };
		F2E40046266CB7E700A206CC /* LikeHereUITests.xctest */ = {isa = PBXFileReference; explicitFileType = wrapper.cfbundle; includeInIndex = 0; path = LikeHereUITests.xctest; sourceTree = BUILT_PRODUCTS_DIR; };
		F2E4004A266CB7E700A206CC /* LikeHereUITests.swift */ = {isa = PBXFileReference; lastKnownFileType = sourcecode.swift; path = LikeHereUITests.swift; sourceTree = "<group>"; };
		F2E4004C266CB7E700A206CC /* Info.plist */ = {isa = PBXFileReference; lastKnownFileType = text.plist.xml; path = Info.plist; sourceTree = "<group>"; };
		F2E40058266CC54A00A206CC /* Launch Screen.storyboard */ = {isa = PBXFileReference; lastKnownFileType = file.storyboard; path = "Launch Screen.storyboard"; sourceTree = "<group>"; };
		F2E4005C266D876E00A206CC /* SignUpView.swift */ = {isa = PBXFileReference; lastKnownFileType = sourcecode.swift; path = SignUpView.swift; sourceTree = "<group>"; };
		F2E4005E266ED64400A206CC /* HomeView.swift */ = {isa = PBXFileReference; lastKnownFileType = sourcecode.swift; path = HomeView.swift; sourceTree = "<group>"; };
		F2E40062266ED93A00A206CC /* PostView.swift */ = {isa = PBXFileReference; lastKnownFileType = sourcecode.swift; path = PostView.swift; sourceTree = "<group>"; };
		F2F45CE42674A99400604465 /* ImagePicker.swift */ = {isa = PBXFileReference; lastKnownFileType = sourcecode.swift; path = ImagePicker.swift; sourceTree = "<group>"; };
		F2F45CE62674B53000604465 /* PostImageView.swift */ = {isa = PBXFileReference; lastKnownFileType = sourcecode.swift; path = PostImageView.swift; sourceTree = "<group>"; };
		F2F45CE82675C4A200604465 /* ProfileView.swift */ = {isa = PBXFileReference; lastKnownFileType = sourcecode.swift; path = ProfileView.swift; sourceTree = "<group>"; };
		F2F45CEA2675CA6A00604465 /* ProfileHeaderView.swift */ = {isa = PBXFileReference; lastKnownFileType = sourcecode.swift; path = ProfileHeaderView.swift; sourceTree = "<group>"; };
		F2F45CEC2675D6C900604465 /* SettingsView.swift */ = {isa = PBXFileReference; lastKnownFileType = sourcecode.swift; path = SettingsView.swift; sourceTree = "<group>"; };
		F2F45CEE2675D7EB00604465 /* SettingLabelView.swift */ = {isa = PBXFileReference; lastKnownFileType = sourcecode.swift; path = SettingLabelView.swift; sourceTree = "<group>"; };
		F2F45CF02675DAF600604465 /* SettingEditTextView.swift */ = {isa = PBXFileReference; lastKnownFileType = sourcecode.swift; path = SettingEditTextView.swift; sourceTree = "<group>"; };
		F2F45CF22675E02700604465 /* SettingRollView.swift */ = {isa = PBXFileReference; lastKnownFileType = sourcecode.swift; path = SettingRollView.swift; sourceTree = "<group>"; };
		F2F45CF42675E1CE00604465 /* SettingEditImageView.swift */ = {isa = PBXFileReference; lastKnownFileType = sourcecode.swift; path = SettingEditImageView.swift; sourceTree = "<group>"; };
		F62C0AD87E8DB342C8CCD1F7 /* Pods-LikeHere.release.xcconfig */ = {isa = PBXFileReference; includeInIndex = 1; lastKnownFileType = text.xcconfig; name = "Pods-LikeHere.release.xcconfig"; path = "Pods/Target Support Files/Pods-LikeHere/Pods-LikeHere.release.xcconfig"; sourceTree = "<group>"; };
		FFE737C56B7766699E3C4409 /* Pods_LikeHere.framework */ = {isa = PBXFileReference; explicitFileType = wrapper.framework; includeInIndex = 0; path = Pods_LikeHere.framework; sourceTree = BUILT_PRODUCTS_DIR; };
/* End PBXFileReference section */

/* Begin PBXFrameworksBuildPhase section */
		F2E40027266CB7E500A206CC /* Frameworks */ = {
			isa = PBXFrameworksBuildPhase;
			buildActionMask = 2147483647;
			files = (
				EFF1E1FB25AC2BC4ED52FDFC /* Pods_LikeHere.framework in Frameworks */,
			);
			runOnlyForDeploymentPostprocessing = 0;
		};
		F2E40038266CB7E700A206CC /* Frameworks */ = {
			isa = PBXFrameworksBuildPhase;
			buildActionMask = 2147483647;
			files = (
				01991D11D8CF090E1507F961 /* Pods_LikeHereTests.framework in Frameworks */,
			);
			runOnlyForDeploymentPostprocessing = 0;
		};
		F2E40043266CB7E700A206CC /* Frameworks */ = {
			isa = PBXFrameworksBuildPhase;
			buildActionMask = 2147483647;
			files = (
				02103E28FCB1A5C89B3AD4B7 /* Pods_LikeHere_LikeHereUITests.framework in Frameworks */,
			);
			runOnlyForDeploymentPostprocessing = 0;
		};
/* End PBXFrameworksBuildPhase section */

/* Begin PBXGroup section */
		0573F5BE8419A86A8D55172B /* Pods */ = {
			isa = PBXGroup;
			children = (
				D5F6D32F4A1FEC4B9FED6013 /* Pods-LikeHere.debug.xcconfig */,
				F62C0AD87E8DB342C8CCD1F7 /* Pods-LikeHere.release.xcconfig */,
				DA683F2BEED9FDA6A3E50588 /* Pods-LikeHere-LikeHereUITests.debug.xcconfig */,
				EAB8B0A8F62E89721F9BCD32 /* Pods-LikeHere-LikeHereUITests.release.xcconfig */,
				B471AEC7C9F3EC680AE72595 /* Pods-LikeHereTests.debug.xcconfig */,
				0B2E0AEBF4D0093454123EED /* Pods-LikeHereTests.release.xcconfig */,
			);
			name = Pods;
			sourceTree = "<group>";
		};
		2C1B7510F3FC769AF31EEB77 /* Frameworks */ = {
			isa = PBXGroup;
			children = (
				FFE737C56B7766699E3C4409 /* Pods_LikeHere.framework */,
				EBD791A9FDB837B941AB2168 /* Pods_LikeHere_LikeHereUITests.framework */,
				D8BB7986ABB0BC3CBC664D79 /* Pods_LikeHereTests.framework */,
			);
			name = Frameworks;
			sourceTree = "<group>";
		};
		F24D067B267C125F0069DC58 /* Auth */ = {
			isa = PBXGroup;
			children = (
				F24D067C267C127A0069DC58 /* SignInWithApp.swift */,
			);
			path = Auth;
			sourceTree = "<group>";
		};
		F24D067F267FFDFE0069DC58 /* Services */ = {
			isa = PBXGroup;
			children = (
				F24D0680267FFE100069DC58 /* Firebase */,
				F24D067B267C125F0069DC58 /* Auth */,
			);
			path = Services;
			sourceTree = "<group>";
		};
		F24D0680267FFE100069DC58 /* Firebase */ = {
			isa = PBXGroup;
			children = (
				F24D0681267FFE260069DC58 /* AuthService.swift */,
				F2A9F22A268A875700D528F7 /* DataService.swift */,
			);
			path = Firebase;
			sourceTree = "<group>";
		};
		F24D06852682A0070069DC58 /* Helpers */ = {
			isa = PBXGroup;
			children = (
				F24D06862682A03D0069DC58 /* Extensions.swift */,
				F24D06882682A06F0069DC58 /* Enum & Structs.swift */,
			);
			path = Helpers;
			sourceTree = "<group>";
		};
		F24D068A2683EEDD0069DC58 /* Utilities */ = {
			isa = PBXGroup;
			children = (
				F24D068B2683EEF60069DC58 /* ImageManager.swift */,
			);
			path = Utilities;
			sourceTree = "<group>";
		};
		F2BF23ED267028CE00FDF33A /* Model */ = {
			isa = PBXGroup;
			children = (
				F2BF23EE267028E600FDF33A /* PostModel.swift */,
				F2BF23F026702D8F00FDF33A /* PostArrayObject.swift */,
				F2BF23F626717E2F00FDF33A /* CommentModel.swift */,
			);
			path = Model;
			sourceTree = "<group>";
		};
		F2E40021266CB7E400A206CC = {
			isa = PBXGroup;
			children = (
				F2E4002C266CB7E500A206CC /* LikeHere */,
				F2E4003E266CB7E700A206CC /* LikeHereTests */,
				F2E40049266CB7E700A206CC /* LikeHereUITests */,
				F2E4002B266CB7E500A206CC /* Products */,
				0573F5BE8419A86A8D55172B /* Pods */,
				2C1B7510F3FC769AF31EEB77 /* Frameworks */,
			);
			sourceTree = "<group>";
		};
		F2E4002B266CB7E500A206CC /* Products */ = {
			isa = PBXGroup;
			children = (
				F2E4002A266CB7E500A206CC /* LikeHere.app */,
				F2E4003B266CB7E700A206CC /* LikeHereTests.xctest */,
				F2E40046266CB7E700A206CC /* LikeHereUITests.xctest */,
			);
			name = Products;
			sourceTree = "<group>";
		};
		F2E4002C266CB7E500A206CC /* LikeHere */ = {
			isa = PBXGroup;
			children = (
				F24D068A2683EEDD0069DC58 /* Utilities */,
				F24D067F267FFDFE0069DC58 /* Services */,
				F24D067E267FFAE40069DC58 /* LikeHere.entitlements */,
				F2E4002D266CB7E500A206CC /* LikeHereApp.swift */,
				F2BF23ED267028CE00FDF33A /* Model */,
				F24D06852682A0070069DC58 /* Helpers */,
				F2E4005B266CCA9F00A206CC /* SubViews */,
				F2E4005A266CCA7B00A206CC /* Screens */,
				F2E40031266CB7E700A206CC /* Assets.xcassets */,
				F2E40036266CB7E700A206CC /* Info.plist */,
				F2603459267AB6AB008C3E51 /* GoogleService-Info.plist */,
				F2E40058266CC54A00A206CC /* Launch Screen.storyboard */,
				F2E40033266CB7E700A206CC /* Preview Content */,
			);
			path = LikeHere;
			sourceTree = "<group>";
		};
		F2E40033266CB7E700A206CC /* Preview Content */ = {
			isa = PBXGroup;
			children = (
				F2E40034266CB7E700A206CC /* Preview Assets.xcassets */,
			);
			path = "Preview Content";
			sourceTree = "<group>";
		};
		F2E4003E266CB7E700A206CC /* LikeHereTests */ = {
			isa = PBXGroup;
			children = (
				F2E4003F266CB7E700A206CC /* LikeHereTests.swift */,
				F2E40041266CB7E700A206CC /* Info.plist */,
			);
			path = LikeHereTests;
			sourceTree = "<group>";
		};
		F2E40049266CB7E700A206CC /* LikeHereUITests */ = {
			isa = PBXGroup;
			children = (
				F2E4004A266CB7E700A206CC /* LikeHereUITests.swift */,
				F2E4004C266CB7E700A206CC /* Info.plist */,
			);
			path = LikeHereUITests;
			sourceTree = "<group>";
		};
		F2E4005A266CCA7B00A206CC /* Screens */ = {
			isa = PBXGroup;
			children = (
				F2E4002F266CB7E500A206CC /* ContentView.swift */,
				F2E4005E266ED64400A206CC /* HomeView.swift */,
				F2E4005C266D876E00A206CC /* SignUpView.swift */,
				F2BF23F2267179FB00FDF33A /* CommentsView.swift */,
				F2BF23F82672CC9300FDF33A /* DiscoverView.swift */,
				F2F45CE62674B53000604465 /* PostImageView.swift */,
				F2F45CE82675C4A200604465 /* ProfileView.swift */,
				F2F45CEC2675D6C900604465 /* SettingsView.swift */,
				F24D06832680020C0069DC58 /* RegisterView.swift */,
			);
			path = Screens;
			sourceTree = "<group>";
		};
		F2E4005B266CCA9F00A206CC /* SubViews */ = {
			isa = PBXGroup;
			children = (
				F2BF23F426717AAA00FDF33A /* CommentContentView.swift */,
				F2F45CE42674A99400604465 /* ImagePicker.swift */,
				F2E40062266ED93A00A206CC /* PostView.swift */,
				F2F45CEE2675D7EB00604465 /* SettingLabelView.swift */,
				F2F45CEA2675CA6A00604465 /* ProfileHeaderView.swift */,
				F2F45CF02675DAF600604465 /* SettingEditTextView.swift */,
				F2F45CF22675E02700604465 /* SettingRollView.swift */,
				F2F45CF42675E1CE00604465 /* SettingEditImageView.swift */,
			);
			path = SubViews;
			sourceTree = "<group>";
		};
/* End PBXGroup section */

/* Begin PBXNativeTarget section */
		F2E40029266CB7E500A206CC /* LikeHere */ = {
			isa = PBXNativeTarget;
			buildConfigurationList = F2E4004F266CB7E700A206CC /* Build configuration list for PBXNativeTarget "LikeHere" */;
			buildPhases = (
				286753FB9DE280965D6A24FA /* [CP] Check Pods Manifest.lock */,
				F2E40026266CB7E500A206CC /* Sources */,
				F2E40027266CB7E500A206CC /* Frameworks */,
				F2E40028266CB7E500A206CC /* Resources */,
				7C6F61BC0E0697C804C8F8A5 /* [CP] Embed Pods Frameworks */,
				4AC5951B1647A8CAAF0361EA /* [CP] Copy Pods Resources */,
			);
			buildRules = (
			);
			dependencies = (
			);
			name = LikeHere;
			productName = LikeHere;
			productReference = F2E4002A266CB7E500A206CC /* LikeHere.app */;
			productType = "com.apple.product-type.application";
		};
		F2E4003A266CB7E700A206CC /* LikeHereTests */ = {
			isa = PBXNativeTarget;
			buildConfigurationList = F2E40052266CB7E700A206CC /* Build configuration list for PBXNativeTarget "LikeHereTests" */;
			buildPhases = (
				7BCE0A0D0A4C33796D2D5CB0 /* [CP] Check Pods Manifest.lock */,
				F2E40037266CB7E700A206CC /* Sources */,
				F2E40038266CB7E700A206CC /* Frameworks */,
				F2E40039266CB7E700A206CC /* Resources */,
			);
			buildRules = (
			);
			dependencies = (
				F2E4003D266CB7E700A206CC /* PBXTargetDependency */,
			);
			name = LikeHereTests;
			productName = LikeHereTests;
			productReference = F2E4003B266CB7E700A206CC /* LikeHereTests.xctest */;
			productType = "com.apple.product-type.bundle.unit-test";
		};
		F2E40045266CB7E700A206CC /* LikeHereUITests */ = {
			isa = PBXNativeTarget;
			buildConfigurationList = F2E40055266CB7E700A206CC /* Build configuration list for PBXNativeTarget "LikeHereUITests" */;
			buildPhases = (
				46D86C87C094C9EF529D78F0 /* [CP] Check Pods Manifest.lock */,
				F2E40042266CB7E700A206CC /* Sources */,
				F2E40043266CB7E700A206CC /* Frameworks */,
				F2E40044266CB7E700A206CC /* Resources */,
				35D53A98D06C658E4B794DB2 /* [CP] Embed Pods Frameworks */,
				F00CB9B243232C5709129ACE /* [CP] Copy Pods Resources */,
			);
			buildRules = (
			);
			dependencies = (
				F2E40048266CB7E700A206CC /* PBXTargetDependency */,
			);
			name = LikeHereUITests;
			productName = LikeHereUITests;
			productReference = F2E40046266CB7E700A206CC /* LikeHereUITests.xctest */;
			productType = "com.apple.product-type.bundle.ui-testing";
		};
/* End PBXNativeTarget section */

/* Begin PBXProject section */
		F2E40022266CB7E500A206CC /* Project object */ = {
			isa = PBXProject;
			attributes = {
				LastSwiftUpdateCheck = 1250;
				LastUpgradeCheck = 1250;
				TargetAttributes = {
					F2E40029266CB7E500A206CC = {
						CreatedOnToolsVersion = 12.5;
					};
					F2E4003A266CB7E700A206CC = {
						CreatedOnToolsVersion = 12.5;
						TestTargetID = F2E40029266CB7E500A206CC;
					};
					F2E40045266CB7E700A206CC = {
						CreatedOnToolsVersion = 12.5;
						TestTargetID = F2E40029266CB7E500A206CC;
					};
				};
			};
			buildConfigurationList = F2E40025266CB7E500A206CC /* Build configuration list for PBXProject "LikeHere" */;
			compatibilityVersion = "Xcode 9.3";
			developmentRegion = en;
			hasScannedForEncodings = 0;
			knownRegions = (
				en,
				Base,
			);
			mainGroup = F2E40021266CB7E400A206CC;
			productRefGroup = F2E4002B266CB7E500A206CC /* Products */;
			projectDirPath = "";
			projectRoot = "";
			targets = (
				F2E40029266CB7E500A206CC /* LikeHere */,
				F2E4003A266CB7E700A206CC /* LikeHereTests */,
				F2E40045266CB7E700A206CC /* LikeHereUITests */,
			);
		};
/* End PBXProject section */

/* Begin PBXResourcesBuildPhase section */
		F2E40028266CB7E500A206CC /* Resources */ = {
			isa = PBXResourcesBuildPhase;
			buildActionMask = 2147483647;
			files = (
				F260345A267AB6AB008C3E51 /* GoogleService-Info.plist in Resources */,
				F2E40059266CC54A00A206CC /* Launch Screen.storyboard in Resources */,
				F2E40035266CB7E700A206CC /* Preview Assets.xcassets in Resources */,
				F2E40032266CB7E700A206CC /* Assets.xcassets in Resources */,
			);
			runOnlyForDeploymentPostprocessing = 0;
		};
		F2E40039266CB7E700A206CC /* Resources */ = {
			isa = PBXResourcesBuildPhase;
			buildActionMask = 2147483647;
			files = (
			);
			runOnlyForDeploymentPostprocessing = 0;
		};
		F2E40044266CB7E700A206CC /* Resources */ = {
			isa = PBXResourcesBuildPhase;
			buildActionMask = 2147483647;
			files = (
			);
			runOnlyForDeploymentPostprocessing = 0;
		};
/* End PBXResourcesBuildPhase section */

/* Begin PBXShellScriptBuildPhase section */
		286753FB9DE280965D6A24FA /* [CP] Check Pods Manifest.lock */ = {
			isa = PBXShellScriptBuildPhase;
			buildActionMask = 2147483647;
			files = (
			);
			inputFileListPaths = (
			);
			inputPaths = (
				"${PODS_PODFILE_DIR_PATH}/Podfile.lock",
				"${PODS_ROOT}/Manifest.lock",
			);
			name = "[CP] Check Pods Manifest.lock";
			outputFileListPaths = (
			);
			outputPaths = (
				"$(DERIVED_FILE_DIR)/Pods-LikeHere-checkManifestLockResult.txt",
			);
			runOnlyForDeploymentPostprocessing = 0;
			shellPath = /bin/sh;
			shellScript = "diff \"${PODS_PODFILE_DIR_PATH}/Podfile.lock\" \"${PODS_ROOT}/Manifest.lock\" > /dev/null\nif [ $? != 0 ] ; then\n    # print error to STDERR\n    echo \"error: The sandbox is not in sync with the Podfile.lock. Run 'pod install' or update your CocoaPods installation.\" >&2\n    exit 1\nfi\n# This output is used by Xcode 'outputs' to avoid re-running this script phase.\necho \"SUCCESS\" > \"${SCRIPT_OUTPUT_FILE_0}\"\n";
			showEnvVarsInLog = 0;
		};
		35D53A98D06C658E4B794DB2 /* [CP] Embed Pods Frameworks */ = {
			isa = PBXShellScriptBuildPhase;
			buildActionMask = 2147483647;
			files = (
			);
			inputFileListPaths = (
				"${PODS_ROOT}/Target Support Files/Pods-LikeHere-LikeHereUITests/Pods-LikeHere-LikeHereUITests-frameworks-${CONFIGURATION}-input-files.xcfilelist",
			);
			name = "[CP] Embed Pods Frameworks";
			outputFileListPaths = (
				"${PODS_ROOT}/Target Support Files/Pods-LikeHere-LikeHereUITests/Pods-LikeHere-LikeHereUITests-frameworks-${CONFIGURATION}-output-files.xcfilelist",
			);
			runOnlyForDeploymentPostprocessing = 0;
			shellPath = /bin/sh;
			shellScript = "\"${PODS_ROOT}/Target Support Files/Pods-LikeHere-LikeHereUITests/Pods-LikeHere-LikeHereUITests-frameworks.sh\"\n";
			showEnvVarsInLog = 0;
		};
		46D86C87C094C9EF529D78F0 /* [CP] Check Pods Manifest.lock */ = {
			isa = PBXShellScriptBuildPhase;
			buildActionMask = 2147483647;
			files = (
			);
			inputFileListPaths = (
			);
			inputPaths = (
				"${PODS_PODFILE_DIR_PATH}/Podfile.lock",
				"${PODS_ROOT}/Manifest.lock",
			);
			name = "[CP] Check Pods Manifest.lock";
			outputFileListPaths = (
			);
			outputPaths = (
				"$(DERIVED_FILE_DIR)/Pods-LikeHere-LikeHereUITests-checkManifestLockResult.txt",
			);
			runOnlyForDeploymentPostprocessing = 0;
			shellPath = /bin/sh;
			shellScript = "diff \"${PODS_PODFILE_DIR_PATH}/Podfile.lock\" \"${PODS_ROOT}/Manifest.lock\" > /dev/null\nif [ $? != 0 ] ; then\n    # print error to STDERR\n    echo \"error: The sandbox is not in sync with the Podfile.lock. Run 'pod install' or update your CocoaPods installation.\" >&2\n    exit 1\nfi\n# This output is used by Xcode 'outputs' to avoid re-running this script phase.\necho \"SUCCESS\" > \"${SCRIPT_OUTPUT_FILE_0}\"\n";
			showEnvVarsInLog = 0;
		};
		4AC5951B1647A8CAAF0361EA /* [CP] Copy Pods Resources */ = {
			isa = PBXShellScriptBuildPhase;
			buildActionMask = 2147483647;
			files = (
			);
			inputFileListPaths = (
				"${PODS_ROOT}/Target Support Files/Pods-LikeHere/Pods-LikeHere-resources-${CONFIGURATION}-input-files.xcfilelist",
			);
			name = "[CP] Copy Pods Resources";
			outputFileListPaths = (
				"${PODS_ROOT}/Target Support Files/Pods-LikeHere/Pods-LikeHere-resources-${CONFIGURATION}-output-files.xcfilelist",
			);
			runOnlyForDeploymentPostprocessing = 0;
			shellPath = /bin/sh;
			shellScript = "\"${PODS_ROOT}/Target Support Files/Pods-LikeHere/Pods-LikeHere-resources.sh\"\n";
			showEnvVarsInLog = 0;
		};
		7BCE0A0D0A4C33796D2D5CB0 /* [CP] Check Pods Manifest.lock */ = {
			isa = PBXShellScriptBuildPhase;
			buildActionMask = 2147483647;
			files = (
			);
			inputFileListPaths = (
			);
			inputPaths = (
				"${PODS_PODFILE_DIR_PATH}/Podfile.lock",
				"${PODS_ROOT}/Manifest.lock",
			);
			name = "[CP] Check Pods Manifest.lock";
			outputFileListPaths = (
			);
			outputPaths = (
				"$(DERIVED_FILE_DIR)/Pods-LikeHereTests-checkManifestLockResult.txt",
			);
			runOnlyForDeploymentPostprocessing = 0;
			shellPath = /bin/sh;
			shellScript = "diff \"${PODS_PODFILE_DIR_PATH}/Podfile.lock\" \"${PODS_ROOT}/Manifest.lock\" > /dev/null\nif [ $? != 0 ] ; then\n    # print error to STDERR\n    echo \"error: The sandbox is not in sync with the Podfile.lock. Run 'pod install' or update your CocoaPods installation.\" >&2\n    exit 1\nfi\n# This output is used by Xcode 'outputs' to avoid re-running this script phase.\necho \"SUCCESS\" > \"${SCRIPT_OUTPUT_FILE_0}\"\n";
			showEnvVarsInLog = 0;
		};
		7C6F61BC0E0697C804C8F8A5 /* [CP] Embed Pods Frameworks */ = {
			isa = PBXShellScriptBuildPhase;
			buildActionMask = 2147483647;
			files = (
			);
			inputFileListPaths = (
				"${PODS_ROOT}/Target Support Files/Pods-LikeHere/Pods-LikeHere-frameworks-${CONFIGURATION}-input-files.xcfilelist",
			);
			name = "[CP] Embed Pods Frameworks";
			outputFileListPaths = (
				"${PODS_ROOT}/Target Support Files/Pods-LikeHere/Pods-LikeHere-frameworks-${CONFIGURATION}-output-files.xcfilelist",
			);
			runOnlyForDeploymentPostprocessing = 0;
			shellPath = /bin/sh;
			shellScript = "\"${PODS_ROOT}/Target Support Files/Pods-LikeHere/Pods-LikeHere-frameworks.sh\"\n";
			showEnvVarsInLog = 0;
		};
		F00CB9B243232C5709129ACE /* [CP] Copy Pods Resources */ = {
			isa = PBXShellScriptBuildPhase;
			buildActionMask = 2147483647;
			files = (
			);
			inputFileListPaths = (
				"${PODS_ROOT}/Target Support Files/Pods-LikeHere-LikeHereUITests/Pods-LikeHere-LikeHereUITests-resources-${CONFIGURATION}-input-files.xcfilelist",
			);
			name = "[CP] Copy Pods Resources";
			outputFileListPaths = (
				"${PODS_ROOT}/Target Support Files/Pods-LikeHere-LikeHereUITests/Pods-LikeHere-LikeHereUITests-resources-${CONFIGURATION}-output-files.xcfilelist",
			);
			runOnlyForDeploymentPostprocessing = 0;
			shellPath = /bin/sh;
			shellScript = "\"${PODS_ROOT}/Target Support Files/Pods-LikeHere-LikeHereUITests/Pods-LikeHere-LikeHereUITests-resources.sh\"\n";
			showEnvVarsInLog = 0;
		};
/* End PBXShellScriptBuildPhase section */

/* Begin PBXSourcesBuildPhase section */
		F2E40026266CB7E500A206CC /* Sources */ = {
			isa = PBXSourcesBuildPhase;
			buildActionMask = 2147483647;
			files = (
				F2E40030266CB7E500A206CC /* ContentView.swift in Sources */,
				F2BF23F526717AAA00FDF33A /* CommentContentView.swift in Sources */,
				F2BF23F92672CC9300FDF33A /* DiscoverView.swift in Sources */,
				F2BF23F3267179FB00FDF33A /* CommentsView.swift in Sources */,
				F2E4005F266ED64400A206CC /* HomeView.swift in Sources */,
				F24D06892682A06F0069DC58 /* Enum & Structs.swift in Sources */,
				F24D0682267FFE260069DC58 /* AuthService.swift in Sources */,
				F2E4005D266D876E00A206CC /* SignUpView.swift in Sources */,
				F2BF23F126702D8F00FDF33A /* PostArrayObject.swift in Sources */,
				F2A9F22B268A875700D528F7 /* DataService.swift in Sources */,
				F2F45CEB2675CA6A00604465 /* ProfileHeaderView.swift in Sources */,
				F24D06842680020C0069DC58 /* RegisterView.swift in Sources */,
				F2BF23EF267028E600FDF33A /* PostModel.swift in Sources */,
				F2F45CED2675D6C900604465 /* SettingsView.swift in Sources */,
				F2F45CF32675E02700604465 /* SettingRollView.swift in Sources */,
				F2E40063266ED93A00A206CC /* PostView.swift in Sources */,
				F2F45CE52674A99400604465 /* ImagePicker.swift in Sources */,
				F2BF23F726717E2F00FDF33A /* CommentModel.swift in Sources */,
				F24D067D267C127A0069DC58 /* SignInWithApp.swift in Sources */,
				F2F45CF12675DAF600604465 /* SettingEditTextView.swift in Sources */,
				F2F45CF52675E1CE00604465 /* SettingEditImageView.swift in Sources */,
				F24D06872682A03D0069DC58 /* Extensions.swift in Sources */,
				F2F45CEF2675D7EB00604465 /* SettingLabelView.swift in Sources */,
				F2E4002E266CB7E500A206CC /* LikeHereApp.swift in Sources */,
				F2F45CE92675C4A200604465 /* ProfileView.swift in Sources */,
				F2F45CE72674B53000604465 /* PostImageView.swift in Sources */,
				F24D068C2683EEF60069DC58 /* ImageManager.swift in Sources */,
			);
			runOnlyForDeploymentPostprocessing = 0;
		};
		F2E40037266CB7E700A206CC /* Sources */ = {
			isa = PBXSourcesBuildPhase;
			buildActionMask = 2147483647;
			files = (
				F2E40040266CB7E700A206CC /* LikeHereTests.swift in Sources */,
			);
			runOnlyForDeploymentPostprocessing = 0;
		};
		F2E40042266CB7E700A206CC /* Sources */ = {
			isa = PBXSourcesBuildPhase;
			buildActionMask = 2147483647;
			files = (
				F2E4004B266CB7E700A206CC /* LikeHereUITests.swift in Sources */,
			);
			runOnlyForDeploymentPostprocessing = 0;
		};
/* End PBXSourcesBuildPhase section */

/* Begin PBXTargetDependency section */
		F2E4003D266CB7E700A206CC /* PBXTargetDependency */ = {
			isa = PBXTargetDependency;
			target = F2E40029266CB7E500A206CC /* LikeHere */;
			targetProxy = F2E4003C266CB7E700A206CC /* PBXContainerItemProxy */;
		};
		F2E40048266CB7E700A206CC /* PBXTargetDependency */ = {
			isa = PBXTargetDependency;
			target = F2E40029266CB7E500A206CC /* LikeHere */;
			targetProxy = F2E40047266CB7E700A206CC /* PBXContainerItemProxy */;
		};
/* End PBXTargetDependency section */

/* Begin XCBuildConfiguration section */
		F2E4004D266CB7E700A206CC /* Debug */ = {
			isa = XCBuildConfiguration;
			buildSettings = {
				ALWAYS_SEARCH_USER_PATHS = NO;
				CLANG_ANALYZER_NONNULL = YES;
				CLANG_ANALYZER_NUMBER_OBJECT_CONVERSION = YES_AGGRESSIVE;
				CLANG_CXX_LANGUAGE_STANDARD = "gnu++14";
				CLANG_CXX_LIBRARY = "libc++";
				CLANG_ENABLE_MODULES = YES;
				CLANG_ENABLE_OBJC_ARC = YES;
				CLANG_ENABLE_OBJC_WEAK = YES;
				CLANG_WARN_BLOCK_CAPTURE_AUTORELEASING = YES;
				CLANG_WARN_BOOL_CONVERSION = YES;
				CLANG_WARN_COMMA = YES;
				CLANG_WARN_CONSTANT_CONVERSION = YES;
				CLANG_WARN_DEPRECATED_OBJC_IMPLEMENTATIONS = YES;
				CLANG_WARN_DIRECT_OBJC_ISA_USAGE = YES_ERROR;
				CLANG_WARN_DOCUMENTATION_COMMENTS = YES;
				CLANG_WARN_EMPTY_BODY = YES;
				CLANG_WARN_ENUM_CONVERSION = YES;
				CLANG_WARN_INFINITE_RECURSION = YES;
				CLANG_WARN_INT_CONVERSION = YES;
				CLANG_WARN_NON_LITERAL_NULL_CONVERSION = YES;
				CLANG_WARN_OBJC_IMPLICIT_RETAIN_SELF = YES;
				CLANG_WARN_OBJC_LITERAL_CONVERSION = YES;
				CLANG_WARN_OBJC_ROOT_CLASS = YES_ERROR;
				CLANG_WARN_QUOTED_INCLUDE_IN_FRAMEWORK_HEADER = YES;
				CLANG_WARN_RANGE_LOOP_ANALYSIS = YES;
				CLANG_WARN_STRICT_PROTOTYPES = YES;
				CLANG_WARN_SUSPICIOUS_MOVE = YES;
				CLANG_WARN_UNGUARDED_AVAILABILITY = YES_AGGRESSIVE;
				CLANG_WARN_UNREACHABLE_CODE = YES;
				CLANG_WARN__DUPLICATE_METHOD_MATCH = YES;
				COPY_PHASE_STRIP = NO;
				DEBUG_INFORMATION_FORMAT = dwarf;
				ENABLE_STRICT_OBJC_MSGSEND = YES;
				ENABLE_TESTABILITY = YES;
				"EXCLUDED_ARCHS[sdk=iphonesimulator*]" = arm64;
				GCC_C_LANGUAGE_STANDARD = gnu11;
				GCC_DYNAMIC_NO_PIC = NO;
				GCC_NO_COMMON_BLOCKS = YES;
				GCC_OPTIMIZATION_LEVEL = 0;
				GCC_PREPROCESSOR_DEFINITIONS = (
					"DEBUG=1",
					"$(inherited)",
				);
				GCC_WARN_64_TO_32_BIT_CONVERSION = YES;
				GCC_WARN_ABOUT_RETURN_TYPE = YES_ERROR;
				GCC_WARN_UNDECLARED_SELECTOR = YES;
				GCC_WARN_UNINITIALIZED_AUTOS = YES_AGGRESSIVE;
				GCC_WARN_UNUSED_FUNCTION = YES;
				GCC_WARN_UNUSED_VARIABLE = YES;
				IPHONEOS_DEPLOYMENT_TARGET = 14.5;
				MTL_ENABLE_DEBUG_INFO = INCLUDE_SOURCE;
				MTL_FAST_MATH = YES;
				ONLY_ACTIVE_ARCH = YES;
				SDKROOT = iphoneos;
				SWIFT_ACTIVE_COMPILATION_CONDITIONS = DEBUG;
				SWIFT_OPTIMIZATION_LEVEL = "-Onone";
			};
			name = Debug;
		};
		F2E4004E266CB7E700A206CC /* Release */ = {
			isa = XCBuildConfiguration;
			buildSettings = {
				ALWAYS_SEARCH_USER_PATHS = NO;
				CLANG_ANALYZER_NONNULL = YES;
				CLANG_ANALYZER_NUMBER_OBJECT_CONVERSION = YES_AGGRESSIVE;
				CLANG_CXX_LANGUAGE_STANDARD = "gnu++14";
				CLANG_CXX_LIBRARY = "libc++";
				CLANG_ENABLE_MODULES = YES;
				CLANG_ENABLE_OBJC_ARC = YES;
				CLANG_ENABLE_OBJC_WEAK = YES;
				CLANG_WARN_BLOCK_CAPTURE_AUTORELEASING = YES;
				CLANG_WARN_BOOL_CONVERSION = YES;
				CLANG_WARN_COMMA = YES;
				CLANG_WARN_CONSTANT_CONVERSION = YES;
				CLANG_WARN_DEPRECATED_OBJC_IMPLEMENTATIONS = YES;
				CLANG_WARN_DIRECT_OBJC_ISA_USAGE = YES_ERROR;
				CLANG_WARN_DOCUMENTATION_COMMENTS = YES;
				CLANG_WARN_EMPTY_BODY = YES;
				CLANG_WARN_ENUM_CONVERSION = YES;
				CLANG_WARN_INFINITE_RECURSION = YES;
				CLANG_WARN_INT_CONVERSION = YES;
				CLANG_WARN_NON_LITERAL_NULL_CONVERSION = YES;
				CLANG_WARN_OBJC_IMPLICIT_RETAIN_SELF = YES;
				CLANG_WARN_OBJC_LITERAL_CONVERSION = YES;
				CLANG_WARN_OBJC_ROOT_CLASS = YES_ERROR;
				CLANG_WARN_QUOTED_INCLUDE_IN_FRAMEWORK_HEADER = YES;
				CLANG_WARN_RANGE_LOOP_ANALYSIS = YES;
				CLANG_WARN_STRICT_PROTOTYPES = YES;
				CLANG_WARN_SUSPICIOUS_MOVE = YES;
				CLANG_WARN_UNGUARDED_AVAILABILITY = YES_AGGRESSIVE;
				CLANG_WARN_UNREACHABLE_CODE = YES;
				CLANG_WARN__DUPLICATE_METHOD_MATCH = YES;
				COPY_PHASE_STRIP = NO;
				DEBUG_INFORMATION_FORMAT = "dwarf-with-dsym";
				ENABLE_NS_ASSERTIONS = NO;
				ENABLE_STRICT_OBJC_MSGSEND = YES;
				"EXCLUDED_ARCHS[sdk=iphonesimulator*]" = arm64;
				GCC_C_LANGUAGE_STANDARD = gnu11;
				GCC_NO_COMMON_BLOCKS = YES;
				GCC_WARN_64_TO_32_BIT_CONVERSION = YES;
				GCC_WARN_ABOUT_RETURN_TYPE = YES_ERROR;
				GCC_WARN_UNDECLARED_SELECTOR = YES;
				GCC_WARN_UNINITIALIZED_AUTOS = YES_AGGRESSIVE;
				GCC_WARN_UNUSED_FUNCTION = YES;
				GCC_WARN_UNUSED_VARIABLE = YES;
				IPHONEOS_DEPLOYMENT_TARGET = 14.5;
				MTL_ENABLE_DEBUG_INFO = NO;
				MTL_FAST_MATH = YES;
				SDKROOT = iphoneos;
				SWIFT_COMPILATION_MODE = wholemodule;
				SWIFT_OPTIMIZATION_LEVEL = "-O";
				VALIDATE_PRODUCT = YES;
			};
			name = Release;
		};
		F2E40050266CB7E700A206CC /* Debug */ = {
			isa = XCBuildConfiguration;
			baseConfigurationReference = D5F6D32F4A1FEC4B9FED6013 /* Pods-LikeHere.debug.xcconfig */;
			buildSettings = {
				ASSETCATALOG_COMPILER_APPICON_NAME = AppIcon;
				ASSETCATALOG_COMPILER_GLOBAL_ACCENT_COLOR_NAME = AccentColor;
				CLANG_WARN_QUOTED_INCLUDE_IN_FRAMEWORK_HEADER = NO;
				CODE_SIGN_ENTITLEMENTS = LikeHere/LikeHere.entitlements;
				CODE_SIGN_STYLE = Automatic;
				DEVELOPMENT_ASSET_PATHS = "\"LikeHere/Preview Content\"";
				DEVELOPMENT_TEAM = 69MAR4S32D;
				ENABLE_PREVIEWS = YES;
				INFOPLIST_FILE = LikeHere/Info.plist;
				IPHONEOS_DEPLOYMENT_TARGET = 14.0;
				LD_RUNPATH_SEARCH_PATHS = (
					"$(inherited)",
					"@executable_path/Frameworks",
				);
				PRODUCT_BUNDLE_IDENTIFIER = com.TaishiKusunose.LikeHere;
				PRODUCT_NAME = "$(TARGET_NAME)";
				SWIFT_VERSION = 5.0;
				TARGETED_DEVICE_FAMILY = 1;
			};
			name = Debug;
		};
		F2E40051266CB7E700A206CC /* Release */ = {
			isa = XCBuildConfiguration;
			baseConfigurationReference = F62C0AD87E8DB342C8CCD1F7 /* Pods-LikeHere.release.xcconfig */;
			buildSettings = {
				ASSETCATALOG_COMPILER_APPICON_NAME = AppIcon;
				ASSETCATALOG_COMPILER_GLOBAL_ACCENT_COLOR_NAME = AccentColor;
				CLANG_WARN_QUOTED_INCLUDE_IN_FRAMEWORK_HEADER = NO;
				CODE_SIGN_ENTITLEMENTS = LikeHere/LikeHere.entitlements;
				CODE_SIGN_STYLE = Automatic;
				DEVELOPMENT_ASSET_PATHS = "\"LikeHere/Preview Content\"";
				DEVELOPMENT_TEAM = 69MAR4S32D;
				ENABLE_PREVIEWS = YES;
				INFOPLIST_FILE = LikeHere/Info.plist;
				IPHONEOS_DEPLOYMENT_TARGET = 14.0;
				LD_RUNPATH_SEARCH_PATHS = (
					"$(inherited)",
					"@executable_path/Frameworks",
				);
				PRODUCT_BUNDLE_IDENTIFIER = com.TaishiKusunose.LikeHere;
				PRODUCT_NAME = "$(TARGET_NAME)";
				SWIFT_VERSION = 5.0;
				TARGETED_DEVICE_FAMILY = 1;
			};
			name = Release;
		};
		F2E40053266CB7E700A206CC /* Debug */ = {
			isa = XCBuildConfiguration;
			baseConfigurationReference = B471AEC7C9F3EC680AE72595 /* Pods-LikeHereTests.debug.xcconfig */;
			buildSettings = {
				ALWAYS_EMBED_SWIFT_STANDARD_LIBRARIES = YES;
				BUNDLE_LOADER = "$(TEST_HOST)";
				CODE_SIGN_STYLE = Automatic;
				DEVELOPMENT_TEAM = 69MAR4S32D;
				INFOPLIST_FILE = LikeHereTests/Info.plist;
				IPHONEOS_DEPLOYMENT_TARGET = 14.0;
				LD_RUNPATH_SEARCH_PATHS = (
					"$(inherited)",
					"@executable_path/Frameworks",
					"@loader_path/Frameworks",
				);
				PRODUCT_BUNDLE_IDENTIFIER = com.TaishiKusunose.LikeHereTests;
				PRODUCT_NAME = "$(TARGET_NAME)";
				SWIFT_VERSION = 5.0;
				TARGETED_DEVICE_FAMILY = "1,2";
				TEST_HOST = "$(BUILT_PRODUCTS_DIR)/LikeHere.app/LikeHere";
			};
			name = Debug;
		};
		F2E40054266CB7E700A206CC /* Release */ = {
			isa = XCBuildConfiguration;
			baseConfigurationReference = 0B2E0AEBF4D0093454123EED /* Pods-LikeHereTests.release.xcconfig */;
			buildSettings = {
				ALWAYS_EMBED_SWIFT_STANDARD_LIBRARIES = YES;
				BUNDLE_LOADER = "$(TEST_HOST)";
				CODE_SIGN_STYLE = Automatic;
				DEVELOPMENT_TEAM = 69MAR4S32D;
				INFOPLIST_FILE = LikeHereTests/Info.plist;
				IPHONEOS_DEPLOYMENT_TARGET = 14.0;
				LD_RUNPATH_SEARCH_PATHS = (
					"$(inherited)",
					"@executable_path/Frameworks",
					"@loader_path/Frameworks",
				);
				PRODUCT_BUNDLE_IDENTIFIER = com.TaishiKusunose.LikeHereTests;
				PRODUCT_NAME = "$(TARGET_NAME)";
				SWIFT_VERSION = 5.0;
				TARGETED_DEVICE_FAMILY = "1,2";
				TEST_HOST = "$(BUILT_PRODUCTS_DIR)/LikeHere.app/LikeHere";
			};
			name = Release;
		};
		F2E40056266CB7E700A206CC /* Debug */ = {
			isa = XCBuildConfiguration;
			baseConfigurationReference = DA683F2BEED9FDA6A3E50588 /* Pods-LikeHere-LikeHereUITests.debug.xcconfig */;
			buildSettings = {
				ALWAYS_EMBED_SWIFT_STANDARD_LIBRARIES = YES;
				CODE_SIGN_STYLE = Automatic;
				DEVELOPMENT_TEAM = 69MAR4S32D;
				INFOPLIST_FILE = LikeHereUITests/Info.plist;
				LD_RUNPATH_SEARCH_PATHS = (
					"$(inherited)",
					"@executable_path/Frameworks",
					"@loader_path/Frameworks",
				);
				PRODUCT_BUNDLE_IDENTIFIER = com.TaishiKusunose.LikeHereUITests;
				PRODUCT_NAME = "$(TARGET_NAME)";
				SWIFT_VERSION = 5.0;
				TARGETED_DEVICE_FAMILY = "1,2";
				TEST_TARGET_NAME = LikeHere;
			};
			name = Debug;
		};
		F2E40057266CB7E700A206CC /* Release */ = {
			isa = XCBuildConfiguration;
			baseConfigurationReference = EAB8B0A8F62E89721F9BCD32 /* Pods-LikeHere-LikeHereUITests.release.xcconfig */;
			buildSettings = {
				ALWAYS_EMBED_SWIFT_STANDARD_LIBRARIES = YES;
				CODE_SIGN_STYLE = Automatic;
				DEVELOPMENT_TEAM = 69MAR4S32D;
				INFOPLIST_FILE = LikeHereUITests/Info.plist;
				LD_RUNPATH_SEARCH_PATHS = (
					"$(inherited)",
					"@executable_path/Frameworks",
					"@loader_path/Frameworks",
				);
				PRODUCT_BUNDLE_IDENTIFIER = com.TaishiKusunose.LikeHereUITests;
				PRODUCT_NAME = "$(TARGET_NAME)";
				SWIFT_VERSION = 5.0;
				TARGETED_DEVICE_FAMILY = "1,2";
				TEST_TARGET_NAME = LikeHere;
			};
			name = Release;
		};
/* End XCBuildConfiguration section */

/* Begin XCConfigurationList section */
		F2E40025266CB7E500A206CC /* Build configuration list for PBXProject "LikeHere" */ = {
			isa = XCConfigurationList;
			buildConfigurations = (
				F2E4004D266CB7E700A206CC /* Debug */,
				F2E4004E266CB7E700A206CC /* Release */,
			);
			defaultConfigurationIsVisible = 0;
			defaultConfigurationName = Release;
		};
		F2E4004F266CB7E700A206CC /* Build configuration list for PBXNativeTarget "LikeHere" */ = {
			isa = XCConfigurationList;
			buildConfigurations = (
				F2E40050266CB7E700A206CC /* Debug */,
				F2E40051266CB7E700A206CC /* Release */,
			);
			defaultConfigurationIsVisible = 0;
			defaultConfigurationName = Release;
		};
		F2E40052266CB7E700A206CC /* Build configuration list for PBXNativeTarget "LikeHereTests" */ = {
			isa = XCConfigurationList;
			buildConfigurations = (
				F2E40053266CB7E700A206CC /* Debug */,
				F2E40054266CB7E700A206CC /* Release */,
			);
			defaultConfigurationIsVisible = 0;
			defaultConfigurationName = Release;
		};
		F2E40055266CB7E700A206CC /* Build configuration list for PBXNativeTarget "LikeHereUITests" */ = {
			isa = XCConfigurationList;
			buildConfigurations = (
				F2E40056266CB7E700A206CC /* Debug */,
				F2E40057266CB7E700A206CC /* Release */,
			);
			defaultConfigurationIsVisible = 0;
			defaultConfigurationName = Release;
		};
/* End XCConfigurationList section */
	};
	rootObject = F2E40022266CB7E500A206CC /* Project object */;
}
